// !$*UTF8*$!
{
	archiveVersion = 1;
	classes = {
	};
	objectVersion = 51;
	objects = {

/* Begin PBXBuildFile section */
		045B2E0A244DD690002E5518 /* FinishRegisterViewController.swift in Sources */ = {isa = PBXBuildFile; fileRef = 045B2E09244DD690002E5518 /* FinishRegisterViewController.swift */; };
		04A447C3244CCC5C0089A349 /* GoogleService-Info.plist in Resources */ = {isa = PBXBuildFile; fileRef = 04A447C2244CCC5C0089A349 /* GoogleService-Info.plist */; };
		04AB6EDE244C611D00A6460F /* AppDelegate.swift in Sources */ = {isa = PBXBuildFile; fileRef = 04AB6EDD244C611D00A6460F /* AppDelegate.swift */; };
		04AB6EE3244C611D00A6460F /* Main.storyboard in Resources */ = {isa = PBXBuildFile; fileRef = 04AB6EE1244C611D00A6460F /* Main.storyboard */; };
		04AB6EE6244C611D00A6460F /* WhatsappBySid.xcdatamodeld in Sources */ = {isa = PBXBuildFile; fileRef = 04AB6EE4244C611D00A6460F /* WhatsappBySid.xcdatamodeld */; };
		04AB6EE8244C611F00A6460F /* Assets.xcassets in Resources */ = {isa = PBXBuildFile; fileRef = 04AB6EE7244C611F00A6460F /* Assets.xcassets */; };
		04AB6EEB244C611F00A6460F /* LaunchScreen.storyboard in Resources */ = {isa = PBXBuildFile; fileRef = 04AB6EE9244C611F00A6460F /* LaunchScreen.storyboard */; };
		04AB6EF3244C677500A6460F /* WelcomeViewController.swift in Sources */ = {isa = PBXBuildFile; fileRef = 04AB6EF2244C677500A6460F /* WelcomeViewController.swift */; };
		04C12A93244D6C53006065DB /* FUser.swift in Sources */ = {isa = PBXBuildFile; fileRef = 04C12A92244D6C52006065DB /* FUser.swift */; };
		04C12A95244D6C6B006065DB /* Constants.swift in Sources */ = {isa = PBXBuildFile; fileRef = 04C12A94244D6C6B006065DB /* Constants.swift */; };
		04C12A97244D8317006065DB /* CollectionReference.swift in Sources */ = {isa = PBXBuildFile; fileRef = 04C12A96244D8317006065DB /* CollectionReference.swift */; };
		04C12A99244D870A006065DB /* HelperFunctions.swift in Sources */ = {isa = PBXBuildFile; fileRef = 04C12A98244D870A006065DB /* HelperFunctions.swift */; };
		C70A1C512C793090B205AB43 /* Pods_WhatsappBySid.framework in Frameworks */ = {isa = PBXBuildFile; fileRef = 7DC04DD14C1A4292998761BE /* Pods_WhatsappBySid.framework */; };
/* End PBXBuildFile section */

/* Begin PBXFileReference section */
		045B2E09244DD690002E5518 /* FinishRegisterViewController.swift */ = {isa = PBXFileReference; lastKnownFileType = sourcecode.swift; path = FinishRegisterViewController.swift; sourceTree = "<group>"; };
		04A447C2244CCC5C0089A349 /* GoogleService-Info.plist */ = {isa = PBXFileReference; fileEncoding = 4; lastKnownFileType = text.plist.xml; path = "GoogleService-Info.plist"; sourceTree = "<group>"; };
		04AB6EDA244C611D00A6460F /* WhatsappBySid.app */ = {isa = PBXFileReference; explicitFileType = wrapper.application; includeInIndex = 0; path = WhatsappBySid.app; sourceTree = BUILT_PRODUCTS_DIR; };
		04AB6EDD244C611D00A6460F /* AppDelegate.swift */ = {isa = PBXFileReference; lastKnownFileType = sourcecode.swift; path = AppDelegate.swift; sourceTree = "<group>"; };
		04AB6EE2244C611D00A6460F /* Base */ = {isa = PBXFileReference; lastKnownFileType = file.storyboard; name = Base; path = Base.lproj/Main.storyboard; sourceTree = "<group>"; };
		04AB6EE5244C611D00A6460F /* WhatsappBySid.xcdatamodel */ = {isa = PBXFileReference; lastKnownFileType = wrapper.xcdatamodel; path = WhatsappBySid.xcdatamodel; sourceTree = "<group>"; };
		04AB6EE7244C611F00A6460F /* Assets.xcassets */ = {isa = PBXFileReference; lastKnownFileType = folder.assetcatalog; path = Assets.xcassets; sourceTree = "<group>"; };
		04AB6EEA244C611F00A6460F /* Base */ = {isa = PBXFileReference; lastKnownFileType = file.storyboard; name = Base; path = Base.lproj/LaunchScreen.storyboard; sourceTree = "<group>"; };
		04AB6EEC244C611F00A6460F /* Info.plist */ = {isa = PBXFileReference; lastKnownFileType = text.plist.xml; path = Info.plist; sourceTree = "<group>"; };
		04AB6EF2244C677500A6460F /* WelcomeViewController.swift */ = {isa = PBXFileReference; lastKnownFileType = sourcecode.swift; path = WelcomeViewController.swift; sourceTree = "<group>"; };
		04C12A92244D6C52006065DB /* FUser.swift */ = {isa = PBXFileReference; fileEncoding = 4; lastKnownFileType = sourcecode.swift; path = FUser.swift; sourceTree = "<group>"; };
		04C12A94244D6C6B006065DB /* Constants.swift */ = {isa = PBXFileReference; fileEncoding = 4; lastKnownFileType = sourcecode.swift; path = Constants.swift; sourceTree = "<group>"; };
		04C12A96244D8317006065DB /* CollectionReference.swift */ = {isa = PBXFileReference; lastKnownFileType = sourcecode.swift; path = CollectionReference.swift; sourceTree = "<group>"; };
		04C12A98244D870A006065DB /* HelperFunctions.swift */ = {isa = PBXFileReference; lastKnownFileType = sourcecode.swift; path = HelperFunctions.swift; sourceTree = "<group>"; };
		7DC04DD14C1A4292998761BE /* Pods_WhatsappBySid.framework */ = {isa = PBXFileReference; explicitFileType = wrapper.framework; includeInIndex = 0; path = Pods_WhatsappBySid.framework; sourceTree = BUILT_PRODUCTS_DIR; };
		918054B4D81391BE400441E5 /* Pods-WhatsappBySid.debug.xcconfig */ = {isa = PBXFileReference; includeInIndex = 1; lastKnownFileType = text.xcconfig; name = "Pods-WhatsappBySid.debug.xcconfig"; path = "Target Support Files/Pods-WhatsappBySid/Pods-WhatsappBySid.debug.xcconfig"; sourceTree = "<group>"; };
		FA469EA96F54992D60F5906D /* Pods-WhatsappBySid.release.xcconfig */ = {isa = PBXFileReference; includeInIndex = 1; lastKnownFileType = text.xcconfig; name = "Pods-WhatsappBySid.release.xcconfig"; path = "Target Support Files/Pods-WhatsappBySid/Pods-WhatsappBySid.release.xcconfig"; sourceTree = "<group>"; };
/* End PBXFileReference section */

/* Begin PBXFrameworksBuildPhase section */
		04AB6ED7244C611D00A6460F /* Frameworks */ = {
			isa = PBXFrameworksBuildPhase;
			buildActionMask = 2147483647;
			files = (
				C70A1C512C793090B205AB43 /* Pods_WhatsappBySid.framework in Frameworks */,
			);
			runOnlyForDeploymentPostprocessing = 0;
		};
/* End PBXFrameworksBuildPhase section */

/* Begin PBXGroup section */
		049EF5B6244ECB60005FDB7F /* Helpers */ = {
			isa = PBXGroup;
			children = (
				04C12A94244D6C6B006065DB /* Constants.swift */,
				04C12A98244D870A006065DB /* HelperFunctions.swift */,
				04C12A96244D8317006065DB /* CollectionReference.swift */,
			);
			path = Helpers;
			sourceTree = "<group>";
		};
		049EF5B7244ECB8B005FDB7F /* Classes */ = {
			isa = PBXGroup;
			children = (
				04C12A92244D6C52006065DB /* FUser.swift */,
			);
			path = Classes;
			sourceTree = "<group>";
		};
		04AB6ED1244C611D00A6460F = {
			isa = PBXGroup;
			children = (
				04AB6EDC244C611D00A6460F /* WhatsappBySid */,
				04AB6EDB244C611D00A6460F /* Products */,
				C1F38B87C8E0B8B8BAB96205 /* Pods */,
				8B0291B1B6A04AE3569C7082 /* Frameworks */,
			);
			sourceTree = "<group>";
		};
		04AB6EDB244C611D00A6460F /* Products */ = {
			isa = PBXGroup;
			children = (
				04AB6EDA244C611D00A6460F /* WhatsappBySid.app */,
			);
			name = Products;
			sourceTree = "<group>";
		};
		04AB6EDC244C611D00A6460F /* WhatsappBySid */ = {
			isa = PBXGroup;
			children = (
				04AB6EDD244C611D00A6460F /* AppDelegate.swift */,
				049EF5B7244ECB8B005FDB7F /* Classes */,
				049EF5B6244ECB60005FDB7F /* Helpers */,
				04AB6EF2244C677500A6460F /* WelcomeViewController.swift */,
				045B2E09244DD690002E5518 /* FinishRegisterViewController.swift */,
				04AB6EE1244C611D00A6460F /* Main.storyboard */,
				04AB6EE7244C611F00A6460F /* Assets.xcassets */,
				04AB6EE9244C611F00A6460F /* LaunchScreen.storyboard */,
				04AB6EEC244C611F00A6460F /* Info.plist */,
				04A447C2244CCC5C0089A349 /* GoogleService-Info.plist */,
				04AB6EE4244C611D00A6460F /* WhatsappBySid.xcdatamodeld */,
			);
			path = WhatsappBySid;
			sourceTree = "<group>";
		};
		8B0291B1B6A04AE3569C7082 /* Frameworks */ = {
			isa = PBXGroup;
			children = (
				7DC04DD14C1A4292998761BE /* Pods_WhatsappBySid.framework */,
			);
			name = Frameworks;
			sourceTree = "<group>";
		};
		C1F38B87C8E0B8B8BAB96205 /* Pods */ = {
			isa = PBXGroup;
			children = (
				918054B4D81391BE400441E5 /* Pods-WhatsappBySid.debug.xcconfig */,
				FA469EA96F54992D60F5906D /* Pods-WhatsappBySid.release.xcconfig */,
			);
			path = Pods;
			sourceTree = "<group>";
		};
/* End PBXGroup section */

/* Begin PBXNativeTarget section */
		04AB6ED9244C611D00A6460F /* WhatsappBySid */ = {
			isa = PBXNativeTarget;
			buildConfigurationList = 04AB6EEF244C611F00A6460F /* Build configuration list for PBXNativeTarget "WhatsappBySid" */;
			buildPhases = (
				F381887349ED30EB65D11586 /* [CP] Check Pods Manifest.lock */,
				04AB6ED6244C611D00A6460F /* Sources */,
				04AB6ED7244C611D00A6460F /* Frameworks */,
				04AB6ED8244C611D00A6460F /* Resources */,
				876F8F027D8218BDC3151237 /* [CP] Embed Pods Frameworks */,
			);
			buildRules = (
			);
			dependencies = (
			);
			name = WhatsappBySid;
			productName = WhatsappBySid;
			productReference = 04AB6EDA244C611D00A6460F /* WhatsappBySid.app */;
			productType = "com.apple.product-type.application";
		};
/* End PBXNativeTarget section */

/* Begin PBXProject section */
		04AB6ED2244C611D00A6460F /* Project object */ = {
			isa = PBXProject;
			attributes = {
				LastSwiftUpdateCheck = 1010;
				LastUpgradeCheck = 1010;
				ORGANIZATIONNAME = mac;
				TargetAttributes = {
					04AB6ED9244C611D00A6460F = {
						CreatedOnToolsVersion = 10.1;
					};
				};
			};
			buildConfigurationList = 04AB6ED5244C611D00A6460F /* Build configuration list for PBXProject "WhatsappBySid" */;
			compatibilityVersion = "Xcode 9.3";
			developmentRegion = en;
			hasScannedForEncodings = 0;
			knownRegions = (
				en,
				Base,
			);
			mainGroup = 04AB6ED1244C611D00A6460F;
			productRefGroup = 04AB6EDB244C611D00A6460F /* Products */;
			projectDirPath = "";
			projectRoot = "";
			targets = (
				04AB6ED9244C611D00A6460F /* WhatsappBySid */,
			);
		};
/* End PBXProject section */

/* Begin PBXResourcesBuildPhase section */
		04AB6ED8244C611D00A6460F /* Resources */ = {
			isa = PBXResourcesBuildPhase;
			buildActionMask = 2147483647;
			files = (
				04AB6EEB244C611F00A6460F /* LaunchScreen.storyboard in Resources */,
				04A447C3244CCC5C0089A349 /* GoogleService-Info.plist in Resources */,
				04AB6EE8244C611F00A6460F /* Assets.xcassets in Resources */,
				04AB6EE3244C611D00A6460F /* Main.storyboard in Resources */,
			);
			runOnlyForDeploymentPostprocessing = 0;
		};
/* End PBXResourcesBuildPhase section */

/* Begin PBXShellScriptBuildPhase section */
		876F8F027D8218BDC3151237 /* [CP] Embed Pods Frameworks */ = {
			isa = PBXShellScriptBuildPhase;
			buildActionMask = 2147483647;
			files = (
			);
			inputFileListPaths = (
				"${PODS_ROOT}/Target Support Files/Pods-WhatsappBySid/Pods-WhatsappBySid-frameworks-${CONFIGURATION}-input-files.xcfilelist",
			);
			name = "[CP] Embed Pods Frameworks";
			outputFileListPaths = (
				"${PODS_ROOT}/Target Support Files/Pods-WhatsappBySid/Pods-WhatsappBySid-frameworks-${CONFIGURATION}-output-files.xcfilelist",
			);
			runOnlyForDeploymentPostprocessing = 0;
			shellPath = /bin/sh;
			shellScript = "\"${PODS_ROOT}/Target Support Files/Pods-WhatsappBySid/Pods-WhatsappBySid-frameworks.sh\"\n";
			showEnvVarsInLog = 0;
		};
		F381887349ED30EB65D11586 /* [CP] Check Pods Manifest.lock */ = {
			isa = PBXShellScriptBuildPhase;
			buildActionMask = 2147483647;
			files = (
			);
			inputFileListPaths = (
			);
			inputPaths = (
				"${PODS_PODFILE_DIR_PATH}/Podfile.lock",
				"${PODS_ROOT}/Manifest.lock",
			);
			name = "[CP] Check Pods Manifest.lock";
			outputFileListPaths = (
			);
			outputPaths = (
				"$(DERIVED_FILE_DIR)/Pods-WhatsappBySid-checkManifestLockResult.txt",
			);
			runOnlyForDeploymentPostprocessing = 0;
			shellPath = /bin/sh;
			shellScript = "diff \"${PODS_PODFILE_DIR_PATH}/Podfile.lock\" \"${PODS_ROOT}/Manifest.lock\" > /dev/null\nif [ $? != 0 ] ; then\n    # print error to STDERR\n    echo \"error: The sandbox is not in sync with the Podfile.lock. Run 'pod install' or update your CocoaPods installation.\" >&2\n    exit 1\nfi\n# This output is used by Xcode 'outputs' to avoid re-running this script phase.\necho \"SUCCESS\" > \"${SCRIPT_OUTPUT_FILE_0}\"\n";
			showEnvVarsInLog = 0;
		};
/* End PBXShellScriptBuildPhase section */

/* Begin PBXSourcesBuildPhase section */
		04AB6ED6244C611D00A6460F /* Sources */ = {
			isa = PBXSourcesBuildPhase;
			buildActionMask = 2147483647;
			files = (
				04C12A99244D870A006065DB /* HelperFunctions.swift in Sources */,
				04C12A95244D6C6B006065DB /* Constants.swift in Sources */,
				045B2E0A244DD690002E5518 /* FinishRegisterViewController.swift in Sources */,
				04AB6EF3244C677500A6460F /* WelcomeViewController.swift in Sources */,
				04AB6EDE244C611D00A6460F /* AppDelegate.swift in Sources */,
				04AB6EE6244C611D00A6460F /* WhatsappBySid.xcdatamodeld in Sources */,
				04C12A93244D6C53006065DB /* FUser.swift in Sources */,
				04C12A97244D8317006065DB /* CollectionReference.swift in Sources */,
			);
			runOnlyForDeploymentPostprocessing = 0;
		};
/* End PBXSourcesBuildPhase section */

/* Begin PBXVariantGroup section */
		04AB6EE1244C611D00A6460F /* Main.storyboard */ = {
			isa = PBXVariantGroup;
			children = (
				04AB6EE2244C611D00A6460F /* Base */,
			);
			name = Main.storyboard;
			sourceTree = "<group>";
		};
		04AB6EE9244C611F00A6460F /* LaunchScreen.storyboard */ = {
			isa = PBXVariantGroup;
			children = (
				04AB6EEA244C611F00A6460F /* Base */,
			);
			name = LaunchScreen.storyboard;
			sourceTree = "<group>";
		};
/* End PBXVariantGroup section */

/* Begin XCBuildConfiguration section */
		04AB6EED244C611F00A6460F /* Debug */ = {
			isa = XCBuildConfiguration;
			buildSettings = {
				ALWAYS_SEARCH_USER_PATHS = NO;
				CLANG_ANALYZER_NONNULL = YES;
				CLANG_ANALYZER_NUMBER_OBJECT_CONVERSION = YES_AGGRESSIVE;
				CLANG_CXX_LANGUAGE_STANDARD = "gnu++14";
				CLANG_CXX_LIBRARY = "libc++";
				CLANG_ENABLE_MODULES = YES;
				CLANG_ENABLE_OBJC_ARC = YES;
				CLANG_ENABLE_OBJC_WEAK = YES;
				CLANG_WARN_BLOCK_CAPTURE_AUTORELEASING = YES;
				CLANG_WARN_BOOL_CONVERSION = YES;
				CLANG_WARN_COMMA = YES;
				CLANG_WARN_CONSTANT_CONVERSION = YES;
				CLANG_WARN_DEPRECATED_OBJC_IMPLEMENTATIONS = YES;
				CLANG_WARN_DIRECT_OBJC_ISA_USAGE = YES_ERROR;
				CLANG_WARN_DOCUMENTATION_COMMENTS = YES;
				CLANG_WARN_EMPTY_BODY = YES;
				CLANG_WARN_ENUM_CONVERSION = YES;
				CLANG_WARN_INFINITE_RECURSION = YES;
				CLANG_WARN_INT_CONVERSION = YES;
				CLANG_WARN_NON_LITERAL_NULL_CONVERSION = YES;
				CLANG_WARN_OBJC_IMPLICIT_RETAIN_SELF = YES;
				CLANG_WARN_OBJC_LITERAL_CONVERSION = YES;
				CLANG_WARN_OBJC_ROOT_CLASS = YES_ERROR;
				CLANG_WARN_RANGE_LOOP_ANALYSIS = YES;
				CLANG_WARN_STRICT_PROTOTYPES = YES;
				CLANG_WARN_SUSPICIOUS_MOVE = YES;
				CLANG_WARN_UNGUARDED_AVAILABILITY = YES_AGGRESSIVE;
				CLANG_WARN_UNREACHABLE_CODE = YES;
				CLANG_WARN__DUPLICATE_METHOD_MATCH = YES;
				CODE_SIGN_IDENTITY = "iPhone Developer";
				COPY_PHASE_STRIP = NO;
				DEBUG_INFORMATION_FORMAT = dwarf;
				ENABLE_STRICT_OBJC_MSGSEND = YES;
				ENABLE_TESTABILITY = YES;
				GCC_C_LANGUAGE_STANDARD = gnu11;
				GCC_DYNAMIC_NO_PIC = NO;
				GCC_NO_COMMON_BLOCKS = YES;
				GCC_OPTIMIZATION_LEVEL = 0;
				GCC_PREPROCESSOR_DEFINITIONS = (
					"DEBUG=1",
					"$(inherited)",
				);
				GCC_WARN_64_TO_32_BIT_CONVERSION = YES;
				GCC_WARN_ABOUT_RETURN_TYPE = YES_ERROR;
				GCC_WARN_UNDECLARED_SELECTOR = YES;
				GCC_WARN_UNINITIALIZED_AUTOS = YES_AGGRESSIVE;
				GCC_WARN_UNUSED_FUNCTION = YES;
				GCC_WARN_UNUSED_VARIABLE = YES;
				IPHONEOS_DEPLOYMENT_TARGET = 12.1;
				MTL_ENABLE_DEBUG_INFO = INCLUDE_SOURCE;
				MTL_FAST_MATH = YES;
				ONLY_ACTIVE_ARCH = YES;
				SDKROOT = iphoneos;
				SWIFT_ACTIVE_COMPILATION_CONDITIONS = DEBUG;
				SWIFT_OPTIMIZATION_LEVEL = "-Onone";
			};
			name = Debug;
		};
		04AB6EEE244C611F00A6460F /* Release */ = {
			isa = XCBuildConfiguration;
			buildSettings = {
				ALWAYS_SEARCH_USER_PATHS = NO;
				CLANG_ANALYZER_NONNULL = YES;
				CLANG_ANALYZER_NUMBER_OBJECT_CONVERSION = YES_AGGRESSIVE;
				CLANG_CXX_LANGUAGE_STANDARD = "gnu++14";
				CLANG_CXX_LIBRARY = "libc++";
				CLANG_ENABLE_MODULES = YES;
				CLANG_ENABLE_OBJC_ARC = YES;
				CLANG_ENABLE_OBJC_WEAK = YES;
				CLANG_WARN_BLOCK_CAPTURE_AUTORELEASING = YES;
				CLANG_WARN_BOOL_CONVERSION = YES;
				CLANG_WARN_COMMA = YES;
				CLANG_WARN_CONSTANT_CONVERSION = YES;
				CLANG_WARN_DEPRECATED_OBJC_IMPLEMENTATIONS = YES;
				CLANG_WARN_DIRECT_OBJC_ISA_USAGE = YES_ERROR;
				CLANG_WARN_DOCUMENTATION_COMMENTS = YES;
				CLANG_WARN_EMPTY_BODY = YES;
				CLANG_WARN_ENUM_CONVERSION = YES;
				CLANG_WARN_INFINITE_RECURSION = YES;
				CLANG_WARN_INT_CONVERSION = YES;
				CLANG_WARN_NON_LITERAL_NULL_CONVERSION = YES;
				CLANG_WARN_OBJC_IMPLICIT_RETAIN_SELF = YES;
				CLANG_WARN_OBJC_LITERAL_CONVERSION = YES;
				CLANG_WARN_OBJC_ROOT_CLASS = YES_ERROR;
				CLANG_WARN_RANGE_LOOP_ANALYSIS = YES;
				CLANG_WARN_STRICT_PROTOTYPES = YES;
				CLANG_WARN_SUSPICIOUS_MOVE = YES;
				CLANG_WARN_UNGUARDED_AVAILABILITY = YES_AGGRESSIVE;
				CLANG_WARN_UNREACHABLE_CODE = YES;
				CLANG_WARN__DUPLICATE_METHOD_MATCH = YES;
				CODE_SIGN_IDENTITY = "iPhone Developer";
				COPY_PHASE_STRIP = NO;
				DEBUG_INFORMATION_FORMAT = "dwarf-with-dsym";
				ENABLE_NS_ASSERTIONS = NO;
				ENABLE_STRICT_OBJC_MSGSEND = YES;
				GCC_C_LANGUAGE_STANDARD = gnu11;
				GCC_NO_COMMON_BLOCKS = YES;
				GCC_WARN_64_TO_32_BIT_CONVERSION = YES;
				GCC_WARN_ABOUT_RETURN_TYPE = YES_ERROR;
				GCC_WARN_UNDECLARED_SELECTOR = YES;
				GCC_WARN_UNINITIALIZED_AUTOS = YES_AGGRESSIVE;
				GCC_WARN_UNUSED_FUNCTION = YES;
				GCC_WARN_UNUSED_VARIABLE = YES;
				IPHONEOS_DEPLOYMENT_TARGET = 12.1;
				MTL_ENABLE_DEBUG_INFO = NO;
				MTL_FAST_MATH = YES;
				SDKROOT = iphoneos;
				SWIFT_COMPILATION_MODE = wholemodule;
				SWIFT_OPTIMIZATION_LEVEL = "-O";
				VALIDATE_PRODUCT = YES;
			};
			name = Release;
		};
		04AB6EF0244C611F00A6460F /* Debug */ = {
			isa = XCBuildConfiguration;
			baseConfigurationReference = 918054B4D81391BE400441E5 /* Pods-WhatsappBySid.debug.xcconfig */;
			buildSettings = {
				ASSETCATALOG_COMPILER_APPICON_NAME = AppIcon;
				CODE_SIGN_STYLE = Automatic;
				INFOPLIST_FILE = WhatsappBySid/Info.plist;
				LD_RUNPATH_SEARCH_PATHS = (
					"$(inherited)",
					"@executable_path/Frameworks",
				);
				PRODUCT_BUNDLE_IDENTIFIER = com.siddesh.WhatsappBySid;
				PRODUCT_NAME = "$(TARGET_NAME)";
				SWIFT_VERSION = 4.2;
				TARGETED_DEVICE_FAMILY = "1,2";
			};
			name = Debug;
		};
		04AB6EF1244C611F00A6460F /* Release */ = {
			isa = XCBuildConfiguration;
			baseConfigurationReference = FA469EA96F54992D60F5906D /* Pods-WhatsappBySid.release.xcconfig */;
			buildSettings = {
				ASSETCATALOG_COMPILER_APPICON_NAME = AppIcon;
				CODE_SIGN_STYLE = Automatic;
				INFOPLIST_FILE = WhatsappBySid/Info.plist;
				LD_RUNPATH_SEARCH_PATHS = (
					"$(inherited)",
					"@executable_path/Frameworks",
				);
				PRODUCT_BUNDLE_IDENTIFIER = com.siddesh.WhatsappBySid;
				PRODUCT_NAME = "$(TARGET_NAME)";
				SWIFT_VERSION = 4.2;
				TARGETED_DEVICE_FAMILY = "1,2";
			};
			name = Release;
		};
/* End XCBuildConfiguration section */

/* Begin XCConfigurationList section */
		04AB6ED5244C611D00A6460F /* Build configuration list for PBXProject "WhatsappBySid" */ = {
			isa = XCConfigurationList;
			buildConfigurations = (
				04AB6EED244C611F00A6460F /* Debug */,
				04AB6EEE244C611F00A6460F /* Release */,
			);
			defaultConfigurationIsVisible = 0;
			defaultConfigurationName = Release;
		};
		04AB6EEF244C611F00A6460F /* Build configuration list for PBXNativeTarget "WhatsappBySid" */ = {
			isa = XCConfigurationList;
			buildConfigurations = (
				04AB6EF0244C611F00A6460F /* Debug */,
				04AB6EF1244C611F00A6460F /* Release */,
			);
			defaultConfigurationIsVisible = 0;
			defaultConfigurationName = Release;
		};
/* End XCConfigurationList section */

/* Begin XCVersionGroup section */
		04AB6EE4244C611D00A6460F /* WhatsappBySid.xcdatamodeld */ = {
			isa = XCVersionGroup;
			children = (
				04AB6EE5244C611D00A6460F /* WhatsappBySid.xcdatamodel */,
			);
			currentVersion = 04AB6EE5244C611D00A6460F /* WhatsappBySid.xcdatamodel */;
			path = WhatsappBySid.xcdatamodeld;
			sourceTree = "<group>";
			versionGroupType = wrapper.xcdatamodel;
		};
/* End XCVersionGroup section */
	};
	rootObject = 04AB6ED2244C611D00A6460F /* Project object */;
}
